Microsoft Visual Studio Solution File, Format Version 12.00
# Visual Studio Version 17
VisualStudioVersion = 17.5.2.0
MinimumVisualStudioVersion = 10.0.40219.1
Project("{FAE04EC0-301F-11D3-BF4B-00C04F79EFBC}") = "ai_helper", "ai_helper.csproj", "{DA526C7B-9AB5-BE75-B621-AF0CCA657659}"
EndProject
Global
	GlobalSection(SolutionConfigurationPlatforms) = preSolution
		Debug|Any CPU = Debug|Any CPU
		Release|Any CPU = Release|Any CPU
	EndGlobalSection
	GlobalSection(ProjectConfigurationPlatforms) = postSolution
		{DA526C7B-9AB5-BE75-B621-AF0CCA657659}.Debug|Any CPU.ActiveCfg = Debug|Any CPU
		{DA526C7B-9AB5-BE75-B621-AF0CCA657659}.Debug|Any CPU.Build.0 = Debug|Any CPU
		{DA526C7B-9AB5-BE75-B621-AF0CCA657659}.Release|Any CPU.ActiveCfg = Release|Any CPU
		{DA526C7B-9AB5-BE75-B621-AF0CCA657659}.Release|Any CPU.Build.0 = Release|Any CPU
	EndGlobalSection
	GlobalSection(SolutionProperties) = preSolution
		HideSolutionNode = FALSE
	EndGlobalSection
	GlobalSection(ExtensibilityGlobals) = postSolution
		SolutionGuid = {6B06FC0F-0BCA-4A9E-A6C0-270D0043C5BA}
	EndGlobalSection
EndGlobal
